
Microsoft Visual Studio Solution File, Format Version 12.00
# Visual Studio Version 16
VisualStudioVersion = 16.0.31129.286
MinimumVisualStudioVersion = 10.0.40219.1
Project("{E24C65DC-7377-472B-9ABA-BC803B73C61A}") = "ITD3333Week13", "ITD3333Week13\", "{01AE4635-04F1-4250-A94D-E8885EBA0B4B}"
	ProjectSection(WebsiteProperties) = preProject
		TargetFrameworkMoniker = ".NETFramework,Version%3Dv4.7.2"
		Debug.AspNetCompiler.VirtualPath = "/localhost_53300"
		Debug.AspNetCompiler.PhysicalPath = "ITD3333Week13\"
		Debug.AspNetCompiler.TargetPath = "PrecompiledWeb\localhost_53300\"
		Debug.AspNetCompiler.Updateable = "true"
		Debug.AspNetCompiler.ForceOverwrite = "true"
		Debug.AspNetCompiler.FixedNames = "false"
		Debug.AspNetCompiler.Debug = "True"
		Release.AspNetCompiler.VirtualPath = "/localhost_53300"
		Release.AspNetCompiler.PhysicalPath = "ITD3333Week13\"
		Release.AspNetCompiler.TargetPath = "PrecompiledWeb\localhost_53300\"
		Release.AspNetCompiler.Updateable = "true"
		Release.AspNetCompiler.ForceOverwrite = "true"
		Release.AspNetCompiler.FixedNames = "false"
		Release.AspNetCompiler.Debug = "False"
		VWDPort = "53300"
		SlnRelativePath = "ITD3333Week13\"
		DefaultWebSiteLanguage = "Visual C#"
	EndProjectSection
EndProject
Global
	GlobalSection(SolutionConfigurationPlatforms) = preSolution
		Debug|Any CPU = Debug|Any CPU
	EndGlobalSection
	GlobalSection(ProjectConfigurationPlatforms) = postSolution
		{01AE4635-04F1-4250-A94D-E8885EBA0B4B}.Debug|Any CPU.ActiveCfg = Debug|Any CPU
		{01AE4635-04F1-4250-A94D-E8885EBA0B4B}.Debug|Any CPU.Build.0 = Debug|Any CPU
	EndGlobalSection
	GlobalSection(SolutionProperties) = preSolution
		HideSolutionNode = FALSE
	EndGlobalSection
	GlobalSection(ExtensibilityGlobals) = postSolution
		SolutionGuid = {E905D9BB-D5E0-4CDE-AD11-75A8579845B2}
	EndGlobalSection
EndGlobal
